
Microsoft Visual Studio Solution File, Format Version 12.00
# Visual Studio Version 17
VisualStudioVersion = 17.3.32922.545
MinimumVisualStudioVersion = 10.0.40219.1
Project("{FAE04EC0-301F-11D3-BF4B-00C04F79EFBC}") = "Homework_4_1", "Homework_4_1\Homework_4_1.csproj", "{D85780BC-F242-4FD9-8572-DD4484090585}"
EndProject
Project("{FAE04EC0-301F-11D3-BF4B-00C04F79EFBC}") = "HomeWork_4_2", "..\Homework_4_2\HomeWork_4_2\HomeWork_4_2.csproj", "{E8E16517-CE82-440F-888A-DFA728FC55B7}"
EndProject
Project("{FAE04EC0-301F-11D3-BF4B-00C04F79EFBC}") = "SuperLib", "..\SuperLib\SuperLib.csproj", "{50BBB281-AAF1-4E07-9B2B-5DEA33F3F935}"
EndProject
Project("{FAE04EC0-301F-11D3-BF4B-00C04F79EFBC}") = "Homework_4_3", "..\Homework_4_3\Homework_4_3.csproj", "{50DD729B-44C1-4CC0-B919-DFF9C855DF90}"
EndProject
Global
	GlobalSection(SolutionConfigurationPlatforms) = preSolution
		Debug|Any CPU = Debug|Any CPU
		Release|Any CPU = Release|Any CPU
	EndGlobalSection
	GlobalSection(ProjectConfigurationPlatforms) = postSolution
		{D85780BC-F242-4FD9-8572-DD4484090585}.Debug|Any CPU.ActiveCfg = Debug|Any CPU
		{D85780BC-F242-4FD9-8572-DD4484090585}.Debug|Any CPU.Build.0 = Debug|Any CPU
		{D85780BC-F242-4FD9-8572-DD4484090585}.Release|Any CPU.ActiveCfg = Release|Any CPU
		{D85780BC-F242-4FD9-8572-DD4484090585}.Release|Any CPU.Build.0 = Release|Any CPU
		{E8E16517-CE82-440F-888A-DFA728FC55B7}.Debug|Any CPU.ActiveCfg = Debug|Any CPU
		{E8E16517-CE82-440F-888A-DFA728FC55B7}.Debug|Any CPU.Build.0 = Debug|Any CPU
		{E8E16517-CE82-440F-888A-DFA728FC55B7}.Release|Any CPU.ActiveCfg = Release|Any CPU
		{E8E16517-CE82-440F-888A-DFA728FC55B7}.Release|Any CPU.Build.0 = Release|Any CPU
		{50BBB281-AAF1-4E07-9B2B-5DEA33F3F935}.Debug|Any CPU.ActiveCfg = Debug|Any CPU
		{50BBB281-AAF1-4E07-9B2B-5DEA33F3F935}.Debug|Any CPU.Build.0 = Debug|Any CPU
		{50BBB281-AAF1-4E07-9B2B-5DEA33F3F935}.Release|Any CPU.ActiveCfg = Release|Any CPU
		{50BBB281-AAF1-4E07-9B2B-5DEA33F3F935}.Release|Any CPU.Build.0 = Release|Any CPU
		{50DD729B-44C1-4CC0-B919-DFF9C855DF90}.Debug|Any CPU.ActiveCfg = Debug|Any CPU
		{50DD729B-44C1-4CC0-B919-DFF9C855DF90}.Debug|Any CPU.Build.0 = Debug|Any CPU
		{50DD729B-44C1-4CC0-B919-DFF9C855DF90}.Release|Any CPU.ActiveCfg = Release|Any CPU
		{50DD729B-44C1-4CC0-B919-DFF9C855DF90}.Release|Any CPU.Build.0 = Release|Any CPU
	EndGlobalSection
	GlobalSection(SolutionProperties) = preSolution
		HideSolutionNode = FALSE
	EndGlobalSection
	GlobalSection(ExtensibilityGlobals) = postSolution
		SolutionGuid = {10A31181-9B98-4A31-B1BF-FADD7A1E4BD4}
	EndGlobalSection
EndGlobal
